// !$*UTF8*$!
{
	archiveVersion = 1;
	classes = {
	};
	objectVersion = 50;
	objects = {

/* Begin PBXBuildFile section */
		3B32D5B221FF95E200485D9D /* libsqlite3.tbd in Frameworks */ = {isa = PBXBuildFile; fileRef = 3B32D5B121FF95E200485D9D /* libsqlite3.tbd */; };
		3B32D5B421FF966800485D9D /* DbManager.swift in Sources */ = {isa = PBXBuildFile; fileRef = 3B32D5B321FF966800485D9D /* DbManager.swift */; };
		422A4C99D804C4BA43D8F787 /* Pods_CreateXUITests.framework in Frameworks */ = {isa = PBXBuildFile; fileRef = 6F3C6CF1A2727986E0140136 /* Pods_CreateXUITests.framework */; };
		64E137D17ACE568F7776DEF5 /* Pods_CreateX.framework in Frameworks */ = {isa = PBXBuildFile; fileRef = 350B372E620BD0C4451C9193 /* Pods_CreateX.framework */; };
		B7CB2CDB2263D0B40091B5F7 /* GoogleService-Info.plist in Resources */ = {isa = PBXBuildFile; fileRef = B7CB2CDA2263D0B30091B5F7 /* GoogleService-Info.plist */; };
		B7CB2CDC2263D0B40091B5F7 /* GoogleService-Info.plist in Resources */ = {isa = PBXBuildFile; fileRef = B7CB2CDA2263D0B30091B5F7 /* GoogleService-Info.plist */; };
		B7CB2CDD2263D0B40091B5F7 /* GoogleService-Info.plist in Resources */ = {isa = PBXBuildFile; fileRef = B7CB2CDA2263D0B30091B5F7 /* GoogleService-Info.plist */; };
		DEC093A5FC4C9712CFC5D67F /* Pods_CreateXTests.framework in Frameworks */ = {isa = PBXBuildFile; fileRef = C7236C3C5BD9CBF0196E357E /* Pods_CreateXTests.framework */; };
		F606049E21A3750F001C2E1D /* AppDelegate.swift in Sources */ = {isa = PBXBuildFile; fileRef = F606049D21A3750F001C2E1D /* AppDelegate.swift */; };
		F60604A021A3750F001C2E1D /* ViewController.swift in Sources */ = {isa = PBXBuildFile; fileRef = F606049F21A3750F001C2E1D /* ViewController.swift */; };
		F60604A321A3750F001C2E1D /* Main.storyboard in Resources */ = {isa = PBXBuildFile; fileRef = F60604A121A3750F001C2E1D /* Main.storyboard */; };
		F60604A621A3750F001C2E1D /* CreateX.xcdatamodeld in Sources */ = {isa = PBXBuildFile; fileRef = F60604A421A3750F001C2E1D /* CreateX.xcdatamodeld */; };
		F60604A821A37512001C2E1D /* Assets.xcassets in Resources */ = {isa = PBXBuildFile; fileRef = F60604A721A37512001C2E1D /* Assets.xcassets */; };
		F60604AB21A37512001C2E1D /* LaunchScreen.storyboard in Resources */ = {isa = PBXBuildFile; fileRef = F60604A921A37512001C2E1D /* LaunchScreen.storyboard */; };
		F60604B621A37512001C2E1D /* CreateXTests.swift in Sources */ = {isa = PBXBuildFile; fileRef = F60604B521A37512001C2E1D /* CreateXTests.swift */; };
		F60604C121A37512001C2E1D /* CreateXUITests.swift in Sources */ = {isa = PBXBuildFile; fileRef = F60604C021A37512001C2E1D /* CreateXUITests.swift */; };
		F60604CF21A37E49001C2E1D /* BaseViewController.swift in Sources */ = {isa = PBXBuildFile; fileRef = F60604CE21A37E49001C2E1D /* BaseViewController.swift */; };
		F60604D121A37EFE001C2E1D /* MenuViewController.swift in Sources */ = {isa = PBXBuildFile; fileRef = F60604D021A37EFE001C2E1D /* MenuViewController.swift */; };
		F60604D321A38134001C2E1D /* MapViewController.swift in Sources */ = {isa = PBXBuildFile; fileRef = F60604D221A38134001C2E1D /* MapViewController.swift */; };
		F6526AB52235B5050087B913 /* iOSgif.swift in Sources */ = {isa = PBXBuildFile; fileRef = F6526AB42235B5050087B913 /* iOSgif.swift */; };
		F6526AB72235BA9E0087B913 /* approach.gif in Resources */ = {isa = PBXBuildFile; fileRef = F6526AB62235BA9E0087B913 /* approach.gif */; };
		F68A257D21ADE5DE0081329B /* IMG_2874.MOV in Resources */ = {isa = PBXBuildFile; fileRef = F68A257C21ADE5DE0081329B /* IMG_2874.MOV */; };
		F68A257F21AE03FB0081329B /* IMG_4240.MOV in Resources */ = {isa = PBXBuildFile; fileRef = F68A257E21AE03FA0081329B /* IMG_4240.MOV */; };
		F690B15A21AB684C007CFC8A /* IncidentsViewController.swift in Sources */ = {isa = PBXBuildFile; fileRef = F690B15921AB684C007CFC8A /* IncidentsViewController.swift */; };
		F690B15C21AB6A78007CFC8A /* ImportViewController.swift in Sources */ = {isa = PBXBuildFile; fileRef = F690B15B21AB6A78007CFC8A /* ImportViewController.swift */; };
		F690B15E21AB6FE4007CFC8A /* AboutUsViewController.swift in Sources */ = {isa = PBXBuildFile; fileRef = F690B15D21AB6FE4007CFC8A /* AboutUsViewController.swift */; };
		F690B16021AB77B0007CFC8A /* Violation.swift in Sources */ = {isa = PBXBuildFile; fileRef = F690B15F21AB77B0007CFC8A /* Violation.swift */; };
		F690B16421AB7B93007CFC8A /* LoginViewController.swift in Sources */ = {isa = PBXBuildFile; fileRef = F690B16321AB7B93007CFC8A /* LoginViewController.swift */; };
		F690B16621AB9E53007CFC8A /* IncidentsTableViewCell.swift in Sources */ = {isa = PBXBuildFile; fileRef = F690B16521AB9E53007CFC8A /* IncidentsTableViewCell.swift */; };
		F690B16A21ABC628007CFC8A /* IncidentDetailViewController.swift in Sources */ = {isa = PBXBuildFile; fileRef = F690B16921ABC628007CFC8A /* IncidentDetailViewController.swift */; };
		F690B17021ABD869007CFC8A /* IMG_4233.MOV in Resources */ = {isa = PBXBuildFile; fileRef = F690B16F21ABD868007CFC8A /* IMG_4233.MOV */; };
		F690B17221ABD86E007CFC8A /* IMG_4146.MOV in Resources */ = {isa = PBXBuildFile; fileRef = F690B17121ABD86E007CFC8A /* IMG_4146.MOV */; };
/* End PBXBuildFile section */

/* Begin PBXContainerItemProxy section */
		F60604B221A37512001C2E1D /* PBXContainerItemProxy */ = {
			isa = PBXContainerItemProxy;
			containerPortal = F606049221A3750F001C2E1D /* Project object */;
			proxyType = 1;
			remoteGlobalIDString = F606049921A3750F001C2E1D;
			remoteInfo = CreateX;
		};
		F60604BD21A37512001C2E1D /* PBXContainerItemProxy */ = {
			isa = PBXContainerItemProxy;
			containerPortal = F606049221A3750F001C2E1D /* Project object */;
			proxyType = 1;
			remoteGlobalIDString = F606049921A3750F001C2E1D;
			remoteInfo = CreateX;
		};
/* End PBXContainerItemProxy section */

/* Begin PBXFileReference section */
		2EF271BB8A699FD36B7AFCE8 /* Pods-CreateXTests.debug.xcconfig */ = {isa = PBXFileReference; includeInIndex = 1; lastKnownFileType = text.xcconfig; name = "Pods-CreateXTests.debug.xcconfig"; path = "Pods/Target Support Files/Pods-CreateXTests/Pods-CreateXTests.debug.xcconfig"; sourceTree = "<group>"; };
		350B372E620BD0C4451C9193 /* Pods_CreateX.framework */ = {isa = PBXFileReference; explicitFileType = wrapper.framework; includeInIndex = 0; path = Pods_CreateX.framework; sourceTree = BUILT_PRODUCTS_DIR; };
		3B32D5B121FF95E200485D9D /* libsqlite3.tbd */ = {isa = PBXFileReference; lastKnownFileType = "sourcecode.text-based-dylib-definition"; name = libsqlite3.tbd; path = usr/lib/libsqlite3.tbd; sourceTree = SDKROOT; };
		3B32D5B321FF966800485D9D /* DbManager.swift */ = {isa = PBXFileReference; lastKnownFileType = sourcecode.swift; path = DbManager.swift; sourceTree = "<group>"; };
		3B32D5B521FF975F00485D9D /* CreateX-Bridging-Header.h */ = {isa = PBXFileReference; lastKnownFileType = sourcecode.c.h; path = "CreateX-Bridging-Header.h"; sourceTree = "<group>"; };
		53D66AD17F60AA3DF0FCFF1E /* Pods-CreateXTests.release.xcconfig */ = {isa = PBXFileReference; includeInIndex = 1; lastKnownFileType = text.xcconfig; name = "Pods-CreateXTests.release.xcconfig"; path = "Pods/Target Support Files/Pods-CreateXTests/Pods-CreateXTests.release.xcconfig"; sourceTree = "<group>"; };
		5BF1A352E00F905F26DE1F53 /* Pods-CreateXUITests.release.xcconfig */ = {isa = PBXFileReference; includeInIndex = 1; lastKnownFileType = text.xcconfig; name = "Pods-CreateXUITests.release.xcconfig"; path = "Pods/Target Support Files/Pods-CreateXUITests/Pods-CreateXUITests.release.xcconfig"; sourceTree = "<group>"; };
		6F3C6CF1A2727986E0140136 /* Pods_CreateXUITests.framework */ = {isa = PBXFileReference; explicitFileType = wrapper.framework; includeInIndex = 0; path = Pods_CreateXUITests.framework; sourceTree = BUILT_PRODUCTS_DIR; };
		B7CB2CDA2263D0B30091B5F7 /* GoogleService-Info.plist */ = {isa = PBXFileReference; fileEncoding = 4; lastKnownFileType = text.plist.xml; path = "GoogleService-Info.plist"; sourceTree = "<group>"; };
		C7236C3C5BD9CBF0196E357E /* Pods_CreateXTests.framework */ = {isa = PBXFileReference; explicitFileType = wrapper.framework; includeInIndex = 0; path = Pods_CreateXTests.framework; sourceTree = BUILT_PRODUCTS_DIR; };
		C8E632C1A14A52EE57355379 /* Pods-CreateX.debug.xcconfig */ = {isa = PBXFileReference; includeInIndex = 1; lastKnownFileType = text.xcconfig; name = "Pods-CreateX.debug.xcconfig"; path = "Pods/Target Support Files/Pods-CreateX/Pods-CreateX.debug.xcconfig"; sourceTree = "<group>"; };
		D44C05F86BF1CEB30B792367 /* Pods-CreateX.release.xcconfig */ = {isa = PBXFileReference; includeInIndex = 1; lastKnownFileType = text.xcconfig; name = "Pods-CreateX.release.xcconfig"; path = "Pods/Target Support Files/Pods-CreateX/Pods-CreateX.release.xcconfig"; sourceTree = "<group>"; };
		ECE551C25003D86EAB371755 /* Pods-CreateXUITests.debug.xcconfig */ = {isa = PBXFileReference; includeInIndex = 1; lastKnownFileType = text.xcconfig; name = "Pods-CreateXUITests.debug.xcconfig"; path = "Pods/Target Support Files/Pods-CreateXUITests/Pods-CreateXUITests.debug.xcconfig"; sourceTree = "<group>"; };
		F606049A21A3750F001C2E1D /* CreateX.app */ = {isa = PBXFileReference; explicitFileType = wrapper.application; includeInIndex = 0; path = CreateX.app; sourceTree = BUILT_PRODUCTS_DIR; };
		F606049D21A3750F001C2E1D /* AppDelegate.swift */ = {isa = PBXFileReference; lastKnownFileType = sourcecode.swift; path = AppDelegate.swift; sourceTree = "<group>"; };
		F606049F21A3750F001C2E1D /* ViewController.swift */ = {isa = PBXFileReference; lastKnownFileType = sourcecode.swift; path = ViewController.swift; sourceTree = "<group>"; };
		F60604A221A3750F001C2E1D /* Base */ = {isa = PBXFileReference; lastKnownFileType = file.storyboard; name = Base; path = Base.lproj/Main.storyboard; sourceTree = "<group>"; };
		F60604A521A3750F001C2E1D /* CreateX.xcdatamodel */ = {isa = PBXFileReference; lastKnownFileType = wrapper.xcdatamodel; path = CreateX.xcdatamodel; sourceTree = "<group>"; };
		F60604A721A37512001C2E1D /* Assets.xcassets */ = {isa = PBXFileReference; lastKnownFileType = folder.assetcatalog; path = Assets.xcassets; sourceTree = "<group>"; };
		F60604AA21A37512001C2E1D /* Base */ = {isa = PBXFileReference; lastKnownFileType = file.storyboard; name = Base; path = Base.lproj/LaunchScreen.storyboard; sourceTree = "<group>"; };
		F60604AC21A37512001C2E1D /* Info.plist */ = {isa = PBXFileReference; lastKnownFileType = text.plist.xml; path = Info.plist; sourceTree = "<group>"; };
		F60604B121A37512001C2E1D /* CreateXTests.xctest */ = {isa = PBXFileReference; explicitFileType = wrapper.cfbundle; includeInIndex = 0; path = CreateXTests.xctest; sourceTree = BUILT_PRODUCTS_DIR; };
		F60604B521A37512001C2E1D /* CreateXTests.swift */ = {isa = PBXFileReference; lastKnownFileType = sourcecode.swift; path = CreateXTests.swift; sourceTree = "<group>"; };
		F60604B721A37512001C2E1D /* Info.plist */ = {isa = PBXFileReference; lastKnownFileType = text.plist.xml; path = Info.plist; sourceTree = "<group>"; };
		F60604BC21A37512001C2E1D /* CreateXUITests.xctest */ = {isa = PBXFileReference; explicitFileType = wrapper.cfbundle; includeInIndex = 0; path = CreateXUITests.xctest; sourceTree = BUILT_PRODUCTS_DIR; };
		F60604C021A37512001C2E1D /* CreateXUITests.swift */ = {isa = PBXFileReference; lastKnownFileType = sourcecode.swift; path = CreateXUITests.swift; sourceTree = "<group>"; };
		F60604C221A37512001C2E1D /* Info.plist */ = {isa = PBXFileReference; lastKnownFileType = text.plist.xml; path = Info.plist; sourceTree = "<group>"; };
		F60604CE21A37E49001C2E1D /* BaseViewController.swift */ = {isa = PBXFileReference; fileEncoding = 4; lastKnownFileType = sourcecode.swift; path = BaseViewController.swift; sourceTree = "<group>"; };
		F60604D021A37EFE001C2E1D /* MenuViewController.swift */ = {isa = PBXFileReference; lastKnownFileType = sourcecode.swift; path = MenuViewController.swift; sourceTree = "<group>"; };
		F60604D221A38134001C2E1D /* MapViewController.swift */ = {isa = PBXFileReference; lastKnownFileType = sourcecode.swift; path = MapViewController.swift; sourceTree = "<group>"; };
		F6526AB42235B5050087B913 /* iOSgif.swift */ = {isa = PBXFileReference; lastKnownFileType = sourcecode.swift; path = iOSgif.swift; sourceTree = "<group>"; };
		F6526AB62235BA9E0087B913 /* approach.gif */ = {isa = PBXFileReference; lastKnownFileType = image.gif; path = approach.gif; sourceTree = "<group>"; };
		F68A257C21ADE5DE0081329B /* IMG_2874.MOV */ = {isa = PBXFileReference; lastKnownFileType = video.quicktime; path = IMG_2874.MOV; sourceTree = "<group>"; };
		F68A257E21AE03FA0081329B /* IMG_4240.MOV */ = {isa = PBXFileReference; lastKnownFileType = video.quicktime; path = IMG_4240.MOV; sourceTree = "<group>"; };
		F690B15921AB684C007CFC8A /* IncidentsViewController.swift */ = {isa = PBXFileReference; lastKnownFileType = sourcecode.swift; path = IncidentsViewController.swift; sourceTree = "<group>"; };
		F690B15B21AB6A78007CFC8A /* ImportViewController.swift */ = {isa = PBXFileReference; lastKnownFileType = sourcecode.swift; path = ImportViewController.swift; sourceTree = "<group>"; };
		F690B15D21AB6FE4007CFC8A /* AboutUsViewController.swift */ = {isa = PBXFileReference; lastKnownFileType = sourcecode.swift; path = AboutUsViewController.swift; sourceTree = "<group>"; };
		F690B15F21AB77B0007CFC8A /* Violation.swift */ = {isa = PBXFileReference; fileEncoding = 4; lastKnownFileType = sourcecode.swift; path = Violation.swift; sourceTree = "<group>"; };
		F690B16321AB7B93007CFC8A /* LoginViewController.swift */ = {isa = PBXFileReference; lastKnownFileType = sourcecode.swift; path = LoginViewController.swift; sourceTree = "<group>"; };
		F690B16521AB9E53007CFC8A /* IncidentsTableViewCell.swift */ = {isa = PBXFileReference; lastKnownFileType = sourcecode.swift; path = IncidentsTableViewCell.swift; sourceTree = "<group>"; };
		F690B16921ABC628007CFC8A /* IncidentDetailViewController.swift */ = {isa = PBXFileReference; lastKnownFileType = sourcecode.swift; path = IncidentDetailViewController.swift; sourceTree = "<group>"; };
		F690B16F21ABD868007CFC8A /* IMG_4233.MOV */ = {isa = PBXFileReference; lastKnownFileType = video.quicktime; path = IMG_4233.MOV; sourceTree = "<group>"; };
		F690B17121ABD86E007CFC8A /* IMG_4146.MOV */ = {isa = PBXFileReference; lastKnownFileType = video.quicktime; path = IMG_4146.MOV; sourceTree = "<group>"; };
/* End PBXFileReference section */

/* Begin PBXFrameworksBuildPhase section */
		F606049721A3750F001C2E1D /* Frameworks */ = {
			isa = PBXFrameworksBuildPhase;
			buildActionMask = 2147483647;
			files = (
				3B32D5B221FF95E200485D9D /* libsqlite3.tbd in Frameworks */,
				64E137D17ACE568F7776DEF5 /* Pods_CreateX.framework in Frameworks */,
			);
			runOnlyForDeploymentPostprocessing = 0;
		};
		F60604AE21A37512001C2E1D /* Frameworks */ = {
			isa = PBXFrameworksBuildPhase;
			buildActionMask = 2147483647;
			files = (
				DEC093A5FC4C9712CFC5D67F /* Pods_CreateXTests.framework in Frameworks */,
			);
			runOnlyForDeploymentPostprocessing = 0;
		};
		F60604B921A37512001C2E1D /* Frameworks */ = {
			isa = PBXFrameworksBuildPhase;
			buildActionMask = 2147483647;
			files = (
				422A4C99D804C4BA43D8F787 /* Pods_CreateXUITests.framework in Frameworks */,
			);
			runOnlyForDeploymentPostprocessing = 0;
		};
/* End PBXFrameworksBuildPhase section */

/* Begin PBXGroup section */
		8B9FDBE4460B9F3772890EE1 /* Frameworks */ = {
			isa = PBXGroup;
			children = (
				3B32D5B121FF95E200485D9D /* libsqlite3.tbd */,
				350B372E620BD0C4451C9193 /* Pods_CreateX.framework */,
				C7236C3C5BD9CBF0196E357E /* Pods_CreateXTests.framework */,
				6F3C6CF1A2727986E0140136 /* Pods_CreateXUITests.framework */,
			);
			name = Frameworks;
			sourceTree = "<group>";
		};
		ED686A275246F0E7DD1F431D /* Pods */ = {
			isa = PBXGroup;
			children = (
				C8E632C1A14A52EE57355379 /* Pods-CreateX.debug.xcconfig */,
				D44C05F86BF1CEB30B792367 /* Pods-CreateX.release.xcconfig */,
				2EF271BB8A699FD36B7AFCE8 /* Pods-CreateXTests.debug.xcconfig */,
				53D66AD17F60AA3DF0FCFF1E /* Pods-CreateXTests.release.xcconfig */,
				ECE551C25003D86EAB371755 /* Pods-CreateXUITests.debug.xcconfig */,
				5BF1A352E00F905F26DE1F53 /* Pods-CreateXUITests.release.xcconfig */,
			);
			name = Pods;
			sourceTree = "<group>";
		};
		F606049121A3750F001C2E1D = {
			isa = PBXGroup;
			children = (
				F68A257E21AE03FA0081329B /* IMG_4240.MOV */,
				F68A257C21ADE5DE0081329B /* IMG_2874.MOV */,
				F6526AB62235BA9E0087B913 /* approach.gif */,
				F690B17121ABD86E007CFC8A /* IMG_4146.MOV */,
				F690B16F21ABD868007CFC8A /* IMG_4233.MOV */,
				F606049C21A3750F001C2E1D /* CreateX */,
				F60604B421A37512001C2E1D /* CreateXTests */,
				F60604BF21A37512001C2E1D /* CreateXUITests */,
				F606049B21A3750F001C2E1D /* Products */,
				ED686A275246F0E7DD1F431D /* Pods */,
				8B9FDBE4460B9F3772890EE1 /* Frameworks */,
			);
			sourceTree = "<group>";
		};
		F606049B21A3750F001C2E1D /* Products */ = {
			isa = PBXGroup;
			children = (
				F606049A21A3750F001C2E1D /* CreateX.app */,
				F60604B121A37512001C2E1D /* CreateXTests.xctest */,
				F60604BC21A37512001C2E1D /* CreateXUITests.xctest */,
			);
			name = Products;
			sourceTree = "<group>";
		};
		F606049C21A3750F001C2E1D /* CreateX */ = {
			isa = PBXGroup;
			children = (
				F606049D21A3750F001C2E1D /* AppDelegate.swift */,
				F606049F21A3750F001C2E1D /* ViewController.swift */,
				F60604A121A3750F001C2E1D /* Main.storyboard */,
				F690B16321AB7B93007CFC8A /* LoginViewController.swift */,
				F690B15F21AB77B0007CFC8A /* Violation.swift */,
				F690B15D21AB6FE4007CFC8A /* AboutUsViewController.swift */,
				F690B15B21AB6A78007CFC8A /* ImportViewController.swift */,
				F690B15921AB684C007CFC8A /* IncidentsViewController.swift */,
				F6526AB42235B5050087B913 /* iOSgif.swift */,
				F690B16521AB9E53007CFC8A /* IncidentsTableViewCell.swift */,
				F690B16921ABC628007CFC8A /* IncidentDetailViewController.swift */,
				F60604D221A38134001C2E1D /* MapViewController.swift */,
				F60604D021A37EFE001C2E1D /* MenuViewController.swift */,
				F60604CE21A37E49001C2E1D /* BaseViewController.swift */,
				F60604A721A37512001C2E1D /* Assets.xcassets */,
				F60604A921A37512001C2E1D /* LaunchScreen.storyboard */,
				F60604AC21A37512001C2E1D /* Info.plist */,
				B7CB2CDA2263D0B30091B5F7 /* GoogleService-Info.plist */,
				F60604A421A3750F001C2E1D /* CreateX.xcdatamodeld */,
				3B32D5B321FF966800485D9D /* DbManager.swift */,
				3B32D5B521FF975F00485D9D /* CreateX-Bridging-Header.h */,
			);
			path = CreateX;
			sourceTree = "<group>";
		};
		F60604B421A37512001C2E1D /* CreateXTests */ = {
			isa = PBXGroup;
			children = (
				F60604B521A37512001C2E1D /* CreateXTests.swift */,
				F60604B721A37512001C2E1D /* Info.plist */,
			);
			path = CreateXTests;
			sourceTree = "<group>";
		};
		F60604BF21A37512001C2E1D /* CreateXUITests */ = {
			isa = PBXGroup;
			children = (
				F60604C021A37512001C2E1D /* CreateXUITests.swift */,
				F60604C221A37512001C2E1D /* Info.plist */,
			);
			path = CreateXUITests;
			sourceTree = "<group>";
		};
/* End PBXGroup section */

/* Begin PBXNativeTarget section */
		F606049921A3750F001C2E1D /* CreateX */ = {
			isa = PBXNativeTarget;
			buildConfigurationList = F60604C521A37512001C2E1D /* Build configuration list for PBXNativeTarget "CreateX" */;
			buildPhases = (
				ED37AAA27DC23DA0145DAB6F /* [CP] Check Pods Manifest.lock */,
				F606049621A3750F001C2E1D /* Sources */,
				F606049721A3750F001C2E1D /* Frameworks */,
				F606049821A3750F001C2E1D /* Resources */,
				DB010B3BFC706814580BC213 /* [CP] Embed Pods Frameworks */,
			);
			buildRules = (
			);
			dependencies = (
			);
			name = CreateX;
			productName = CreateX;
			productReference = F606049A21A3750F001C2E1D /* CreateX.app */;
			productType = "com.apple.product-type.application";
		};
		F60604B021A37512001C2E1D /* CreateXTests */ = {
			isa = PBXNativeTarget;
			buildConfigurationList = F60604C821A37512001C2E1D /* Build configuration list for PBXNativeTarget "CreateXTests" */;
			buildPhases = (
				05AB5BF4C91AA079F217883B /* [CP] Check Pods Manifest.lock */,
				F60604AD21A37512001C2E1D /* Sources */,
				F60604AE21A37512001C2E1D /* Frameworks */,
				F60604AF21A37512001C2E1D /* Resources */,
			);
			buildRules = (
			);
			dependencies = (
				F60604B321A37512001C2E1D /* PBXTargetDependency */,
			);
			name = CreateXTests;
			productName = CreateXTests;
			productReference = F60604B121A37512001C2E1D /* CreateXTests.xctest */;
			productType = "com.apple.product-type.bundle.unit-test";
		};
		F60604BB21A37512001C2E1D /* CreateXUITests */ = {
			isa = PBXNativeTarget;
			buildConfigurationList = F60604CB21A37512001C2E1D /* Build configuration list for PBXNativeTarget "CreateXUITests" */;
			buildPhases = (
				91C0B1B42C58FC3602ECA602 /* [CP] Check Pods Manifest.lock */,
				F60604B821A37512001C2E1D /* Sources */,
				F60604B921A37512001C2E1D /* Frameworks */,
				F60604BA21A37512001C2E1D /* Resources */,
			);
			buildRules = (
			);
			dependencies = (
				F60604BE21A37512001C2E1D /* PBXTargetDependency */,
			);
			name = CreateXUITests;
			productName = CreateXUITests;
			productReference = F60604BC21A37512001C2E1D /* CreateXUITests.xctest */;
			productType = "com.apple.product-type.bundle.ui-testing";
		};
/* End PBXNativeTarget section */

/* Begin PBXProject section */
		F606049221A3750F001C2E1D /* Project object */ = {
			isa = PBXProject;
			attributes = {
				LastSwiftUpdateCheck = 1010;
				LastUpgradeCheck = 1010;
				ORGANIZATIONNAME = "Chris Truong";
				TargetAttributes = {
					F606049921A3750F001C2E1D = {
						CreatedOnToolsVersion = 10.1;
						LastSwiftMigration = 1010;
					};
					F60604B021A37512001C2E1D = {
						CreatedOnToolsVersion = 10.1;
						TestTargetID = F606049921A3750F001C2E1D;
					};
					F60604BB21A37512001C2E1D = {
						CreatedOnToolsVersion = 10.1;
						TestTargetID = F606049921A3750F001C2E1D;
					};
				};
			};
			buildConfigurationList = F606049521A3750F001C2E1D /* Build configuration list for PBXProject "CreateX" */;
			compatibilityVersion = "Xcode 9.3";
			developmentRegion = en;
			hasScannedForEncodings = 0;
			knownRegions = (
				en,
				Base,
			);
			mainGroup = F606049121A3750F001C2E1D;
			productRefGroup = F606049B21A3750F001C2E1D /* Products */;
			projectDirPath = "";
			projectRoot = "";
			targets = (
				F606049921A3750F001C2E1D /* CreateX */,
				F60604B021A37512001C2E1D /* CreateXTests */,
				F60604BB21A37512001C2E1D /* CreateXUITests */,
			);
		};
/* End PBXProject section */

/* Begin PBXResourcesBuildPhase section */
		F606049821A3750F001C2E1D /* Resources */ = {
			isa = PBXResourcesBuildPhase;
			buildActionMask = 2147483647;
			files = (
				F68A257D21ADE5DE0081329B /* IMG_2874.MOV in Resources */,
				F68A257F21AE03FB0081329B /* IMG_4240.MOV in Resources */,
				B7CB2CDB2263D0B40091B5F7 /* GoogleService-Info.plist in Resources */,
				F60604AB21A37512001C2E1D /* LaunchScreen.storyboard in Resources */,
				F60604A821A37512001C2E1D /* Assets.xcassets in Resources */,
				F60604A321A3750F001C2E1D /* Main.storyboard in Resources */,
				F690B17221ABD86E007CFC8A /* IMG_4146.MOV in Resources */,
				F6526AB72235BA9E0087B913 /* approach.gif in Resources */,
				F690B17021ABD869007CFC8A /* IMG_4233.MOV in Resources */,
			);
			runOnlyForDeploymentPostprocessing = 0;
		};
		F60604AF21A37512001C2E1D /* Resources */ = {
			isa = PBXResourcesBuildPhase;
			buildActionMask = 2147483647;
			files = (
				B7CB2CDC2263D0B40091B5F7 /* GoogleService-Info.plist in Resources */,
			);
			runOnlyForDeploymentPostprocessing = 0;
		};
		F60604BA21A37512001C2E1D /* Resources */ = {
			isa = PBXResourcesBuildPhase;
			buildActionMask = 2147483647;
			files = (
				B7CB2CDD2263D0B40091B5F7 /* GoogleService-Info.plist in Resources */,
			);
			runOnlyForDeploymentPostprocessing = 0;
		};
/* End PBXResourcesBuildPhase section */

/* Begin PBXShellScriptBuildPhase section */
		05AB5BF4C91AA079F217883B /* [CP] Check Pods Manifest.lock */ = {
			isa = PBXShellScriptBuildPhase;
			buildActionMask = 2147483647;
			files = (
			);
			inputFileListPaths = (
			);
			inputPaths = (
				"${PODS_PODFILE_DIR_PATH}/Podfile.lock",
				"${PODS_ROOT}/Manifest.lock",
			);
			name = "[CP] Check Pods Manifest.lock";
			outputFileListPaths = (
			);
			outputPaths = (
				"$(DERIVED_FILE_DIR)/Pods-CreateXTests-checkManifestLockResult.txt",
			);
			runOnlyForDeploymentPostprocessing = 0;
			shellPath = /bin/sh;
			shellScript = "diff \"${PODS_PODFILE_DIR_PATH}/Podfile.lock\" \"${PODS_ROOT}/Manifest.lock\" > /dev/null\nif [ $? != 0 ] ; then\n    # print error to STDERR\n    echo \"error: The sandbox is not in sync with the Podfile.lock. Run 'pod install' or update your CocoaPods installation.\" >&2\n    exit 1\nfi\n# This output is used by Xcode 'outputs' to avoid re-running this script phase.\necho \"SUCCESS\" > \"${SCRIPT_OUTPUT_FILE_0}\"\n";
			showEnvVarsInLog = 0;
		};
		91C0B1B42C58FC3602ECA602 /* [CP] Check Pods Manifest.lock */ = {
			isa = PBXShellScriptBuildPhase;
			buildActionMask = 2147483647;
			files = (
			);
			inputFileListPaths = (
			);
			inputPaths = (
				"${PODS_PODFILE_DIR_PATH}/Podfile.lock",
				"${PODS_ROOT}/Manifest.lock",
			);
			name = "[CP] Check Pods Manifest.lock";
			outputFileListPaths = (
			);
			outputPaths = (
				"$(DERIVED_FILE_DIR)/Pods-CreateXUITests-checkManifestLockResult.txt",
			);
			runOnlyForDeploymentPostprocessing = 0;
			shellPath = /bin/sh;
			shellScript = "diff \"${PODS_PODFILE_DIR_PATH}/Podfile.lock\" \"${PODS_ROOT}/Manifest.lock\" > /dev/null\nif [ $? != 0 ] ; then\n    # print error to STDERR\n    echo \"error: The sandbox is not in sync with the Podfile.lock. Run 'pod install' or update your CocoaPods installation.\" >&2\n    exit 1\nfi\n# This output is used by Xcode 'outputs' to avoid re-running this script phase.\necho \"SUCCESS\" > \"${SCRIPT_OUTPUT_FILE_0}\"\n";
			showEnvVarsInLog = 0;
		};
		DB010B3BFC706814580BC213 /* [CP] Embed Pods Frameworks */ = {
			isa = PBXShellScriptBuildPhase;
			buildActionMask = 2147483647;
			files = (
			);
			inputFileListPaths = (
			);
			inputPaths = (
				"${PODS_ROOT}/Target Support Files/Pods-CreateX/Pods-CreateX-frameworks.sh",
				"${BUILT_PRODUCTS_DIR}/Alamofire/Alamofire.framework",
				"${BUILT_PRODUCTS_DIR}/GTMSessionFetcher/GTMSessionFetcher.framework",
				"${BUILT_PRODUCTS_DIR}/GoogleUtilities/GoogleUtilities.framework",
				"${BUILT_PRODUCTS_DIR}/leveldb-library/leveldb.framework",
				"${BUILT_PRODUCTS_DIR}/nanopb/nanopb.framework",
			);
			name = "[CP] Embed Pods Frameworks";
			outputFileListPaths = (
			);
			outputPaths = (
				"${TARGET_BUILD_DIR}/${FRAMEWORKS_FOLDER_PATH}/Alamofire.framework",
				"${TARGET_BUILD_DIR}/${FRAMEWORKS_FOLDER_PATH}/GTMSessionFetcher.framework",
				"${TARGET_BUILD_DIR}/${FRAMEWORKS_FOLDER_PATH}/GoogleUtilities.framework",
				"${TARGET_BUILD_DIR}/${FRAMEWORKS_FOLDER_PATH}/leveldb.framework",
				"${TARGET_BUILD_DIR}/${FRAMEWORKS_FOLDER_PATH}/nanopb.framework",
			);
			runOnlyForDeploymentPostprocessing = 0;
			shellPath = /bin/sh;
			shellScript = "\"${PODS_ROOT}/Target Support Files/Pods-CreateX/Pods-CreateX-frameworks.sh\"\n";
			showEnvVarsInLog = 0;
		};
		ED37AAA27DC23DA0145DAB6F /* [CP] Check Pods Manifest.lock */ = {
			isa = PBXShellScriptBuildPhase;
			buildActionMask = 2147483647;
			files = (
			);
			inputFileListPaths = (
			);
			inputPaths = (
				"${PODS_PODFILE_DIR_PATH}/Podfile.lock",
				"${PODS_ROOT}/Manifest.lock",
			);
			name = "[CP] Check Pods Manifest.lock";
			outputFileListPaths = (
			);
			outputPaths = (
				"$(DERIVED_FILE_DIR)/Pods-CreateX-checkManifestLockResult.txt",
			);
			runOnlyForDeploymentPostprocessing = 0;
			shellPath = /bin/sh;
			shellScript = "diff \"${PODS_PODFILE_DIR_PATH}/Podfile.lock\" \"${PODS_ROOT}/Manifest.lock\" > /dev/null\nif [ $? != 0 ] ; then\n    # print error to STDERR\n    echo \"error: The sandbox is not in sync with the Podfile.lock. Run 'pod install' or update your CocoaPods installation.\" >&2\n    exit 1\nfi\n# This output is used by Xcode 'outputs' to avoid re-running this script phase.\necho \"SUCCESS\" > \"${SCRIPT_OUTPUT_FILE_0}\"\n";
			showEnvVarsInLog = 0;
		};
/* End PBXShellScriptBuildPhase section */

/* Begin PBXSourcesBuildPhase section */
		F606049621A3750F001C2E1D /* Sources */ = {
			isa = PBXSourcesBuildPhase;
			buildActionMask = 2147483647;
			files = (
				F60604A021A3750F001C2E1D /* ViewController.swift in Sources */,
				F690B15E21AB6FE4007CFC8A /* AboutUsViewController.swift in Sources */,
				F60604D321A38134001C2E1D /* MapViewController.swift in Sources */,
				F690B15A21AB684C007CFC8A /* IncidentsViewController.swift in Sources */,
				F60604D121A37EFE001C2E1D /* MenuViewController.swift in Sources */,
				F60604CF21A37E49001C2E1D /* BaseViewController.swift in Sources */,
				F60604A621A3750F001C2E1D /* CreateX.xcdatamodeld in Sources */,
				F6526AB52235B5050087B913 /* iOSgif.swift in Sources */,
				3B32D5B421FF966800485D9D /* DbManager.swift in Sources */,
				F690B16621AB9E53007CFC8A /* IncidentsTableViewCell.swift in Sources */,
				F690B16021AB77B0007CFC8A /* Violation.swift in Sources */,
				F690B16A21ABC628007CFC8A /* IncidentDetailViewController.swift in Sources */,
				F606049E21A3750F001C2E1D /* AppDelegate.swift in Sources */,
				F690B15C21AB6A78007CFC8A /* ImportViewController.swift in Sources */,
				F690B16421AB7B93007CFC8A /* LoginViewController.swift in Sources */,
			);
			runOnlyForDeploymentPostprocessing = 0;
		};
		F60604AD21A37512001C2E1D /* Sources */ = {
			isa = PBXSourcesBuildPhase;
			buildActionMask = 2147483647;
			files = (
				F60604B621A37512001C2E1D /* CreateXTests.swift in Sources */,
			);
			runOnlyForDeploymentPostprocessing = 0;
		};
		F60604B821A37512001C2E1D /* Sources */ = {
			isa = PBXSourcesBuildPhase;
			buildActionMask = 2147483647;
			files = (
				F60604C121A37512001C2E1D /* CreateXUITests.swift in Sources */,
			);
			runOnlyForDeploymentPostprocessing = 0;
		};
/* End PBXSourcesBuildPhase section */

/* Begin PBXTargetDependency section */
		F60604B321A37512001C2E1D /* PBXTargetDependency */ = {
			isa = PBXTargetDependency;
			target = F606049921A3750F001C2E1D /* CreateX */;
			targetProxy = F60604B221A37512001C2E1D /* PBXContainerItemProxy */;
		};
		F60604BE21A37512001C2E1D /* PBXTargetDependency */ = {
			isa = PBXTargetDependency;
			target = F606049921A3750F001C2E1D /* CreateX */;
			targetProxy = F60604BD21A37512001C2E1D /* PBXContainerItemProxy */;
		};
/* End PBXTargetDependency section */

/* Begin PBXVariantGroup section */
		F60604A121A3750F001C2E1D /* Main.storyboard */ = {
			isa = PBXVariantGroup;
			children = (
				F60604A221A3750F001C2E1D /* Base */,
			);
			name = Main.storyboard;
			sourceTree = "<group>";
		};
		F60604A921A37512001C2E1D /* LaunchScreen.storyboard */ = {
			isa = PBXVariantGroup;
			children = (
				F60604AA21A37512001C2E1D /* Base */,
			);
			name = LaunchScreen.storyboard;
			sourceTree = "<group>";
		};
/* End PBXVariantGroup section */

/* Begin XCBuildConfiguration section */
		F60604C321A37512001C2E1D /* Debug */ = {
			isa = XCBuildConfiguration;
			buildSettings = {
				ALWAYS_SEARCH_USER_PATHS = NO;
				CLANG_ANALYZER_NONNULL = YES;
				CLANG_ANALYZER_NUMBER_OBJECT_CONVERSION = YES_AGGRESSIVE;
				CLANG_CXX_LANGUAGE_STANDARD = "gnu++14";
				CLANG_CXX_LIBRARY = "libc++";
				CLANG_ENABLE_MODULES = YES;
				CLANG_ENABLE_OBJC_ARC = YES;
				CLANG_ENABLE_OBJC_WEAK = YES;
				CLANG_WARN_BLOCK_CAPTURE_AUTORELEASING = YES;
				CLANG_WARN_BOOL_CONVERSION = YES;
				CLANG_WARN_COMMA = YES;
				CLANG_WARN_CONSTANT_CONVERSION = YES;
				CLANG_WARN_DEPRECATED_OBJC_IMPLEMENTATIONS = YES;
				CLANG_WARN_DIRECT_OBJC_ISA_USAGE = YES_ERROR;
				CLANG_WARN_DOCUMENTATION_COMMENTS = YES;
				CLANG_WARN_EMPTY_BODY = YES;
				CLANG_WARN_ENUM_CONVERSION = YES;
				CLANG_WARN_INFINITE_RECURSION = YES;
				CLANG_WARN_INT_CONVERSION = YES;
				CLANG_WARN_NON_LITERAL_NULL_CONVERSION = YES;
				CLANG_WARN_OBJC_IMPLICIT_RETAIN_SELF = YES;
				CLANG_WARN_OBJC_LITERAL_CONVERSION = YES;
				CLANG_WARN_OBJC_ROOT_CLASS = YES_ERROR;
				CLANG_WARN_RANGE_LOOP_ANALYSIS = YES;
				CLANG_WARN_STRICT_PROTOTYPES = YES;
				CLANG_WARN_SUSPICIOUS_MOVE = YES;
				CLANG_WARN_UNGUARDED_AVAILABILITY = YES_AGGRESSIVE;
				CLANG_WARN_UNREACHABLE_CODE = YES;
				CLANG_WARN__DUPLICATE_METHOD_MATCH = YES;
				CODE_SIGN_IDENTITY = "iPhone Developer";
				COPY_PHASE_STRIP = NO;
				DEBUG_INFORMATION_FORMAT = dwarf;
				ENABLE_STRICT_OBJC_MSGSEND = YES;
				ENABLE_TESTABILITY = YES;
				GCC_C_LANGUAGE_STANDARD = gnu11;
				GCC_DYNAMIC_NO_PIC = NO;
				GCC_NO_COMMON_BLOCKS = YES;
				GCC_OPTIMIZATION_LEVEL = 0;
				GCC_PREPROCESSOR_DEFINITIONS = (
					"DEBUG=1",
					"$(inherited)",
				);
				GCC_WARN_64_TO_32_BIT_CONVERSION = YES;
				GCC_WARN_ABOUT_RETURN_TYPE = YES_ERROR;
				GCC_WARN_UNDECLARED_SELECTOR = YES;
				GCC_WARN_UNINITIALIZED_AUTOS = YES_AGGRESSIVE;
				GCC_WARN_UNUSED_FUNCTION = YES;
				GCC_WARN_UNUSED_VARIABLE = YES;
				IPHONEOS_DEPLOYMENT_TARGET = 12.1;
				MTL_ENABLE_DEBUG_INFO = INCLUDE_SOURCE;
				MTL_FAST_MATH = YES;
				ONLY_ACTIVE_ARCH = YES;
				SDKROOT = iphoneos;
				SWIFT_ACTIVE_COMPILATION_CONDITIONS = DEBUG;
				SWIFT_OPTIMIZATION_LEVEL = "-Onone";
			};
			name = Debug;
		};
		F60604C421A37512001C2E1D /* Release */ = {
			isa = XCBuildConfiguration;
			buildSettings = {
				ALWAYS_SEARCH_USER_PATHS = NO;
				CLANG_ANALYZER_NONNULL = YES;
				CLANG_ANALYZER_NUMBER_OBJECT_CONVERSION = YES_AGGRESSIVE;
				CLANG_CXX_LANGUAGE_STANDARD = "gnu++14";
				CLANG_CXX_LIBRARY = "libc++";
				CLANG_ENABLE_MODULES = YES;
				CLANG_ENABLE_OBJC_ARC = YES;
				CLANG_ENABLE_OBJC_WEAK = YES;
				CLANG_WARN_BLOCK_CAPTURE_AUTORELEASING = YES;
				CLANG_WARN_BOOL_CONVERSION = YES;
				CLANG_WARN_COMMA = YES;
				CLANG_WARN_CONSTANT_CONVERSION = YES;
				CLANG_WARN_DEPRECATED_OBJC_IMPLEMENTATIONS = YES;
				CLANG_WARN_DIRECT_OBJC_ISA_USAGE = YES_ERROR;
				CLANG_WARN_DOCUMENTATION_COMMENTS = YES;
				CLANG_WARN_EMPTY_BODY = YES;
				CLANG_WARN_ENUM_CONVERSION = YES;
				CLANG_WARN_INFINITE_RECURSION = YES;
				CLANG_WARN_INT_CONVERSION = YES;
				CLANG_WARN_NON_LITERAL_NULL_CONVERSION = YES;
				CLANG_WARN_OBJC_IMPLICIT_RETAIN_SELF = YES;
				CLANG_WARN_OBJC_LITERAL_CONVERSION = YES;
				CLANG_WARN_OBJC_ROOT_CLASS = YES_ERROR;
				CLANG_WARN_RANGE_LOOP_ANALYSIS = YES;
				CLANG_WARN_STRICT_PROTOTYPES = YES;
				CLANG_WARN_SUSPICIOUS_MOVE = YES;
				CLANG_WARN_UNGUARDED_AVAILABILITY = YES_AGGRESSIVE;
				CLANG_WARN_UNREACHABLE_CODE = YES;
				CLANG_WARN__DUPLICATE_METHOD_MATCH = YES;
				CODE_SIGN_IDENTITY = "iPhone Developer";
				COPY_PHASE_STRIP = NO;
				DEBUG_INFORMATION_FORMAT = "dwarf-with-dsym";
				ENABLE_NS_ASSERTIONS = NO;
				ENABLE_STRICT_OBJC_MSGSEND = YES;
				GCC_C_LANGUAGE_STANDARD = gnu11;
				GCC_NO_COMMON_BLOCKS = YES;
				GCC_WARN_64_TO_32_BIT_CONVERSION = YES;
				GCC_WARN_ABOUT_RETURN_TYPE = YES_ERROR;
				GCC_WARN_UNDECLARED_SELECTOR = YES;
				GCC_WARN_UNINITIALIZED_AUTOS = YES_AGGRESSIVE;
				GCC_WARN_UNUSED_FUNCTION = YES;
				GCC_WARN_UNUSED_VARIABLE = YES;
				IPHONEOS_DEPLOYMENT_TARGET = 12.1;
				MTL_ENABLE_DEBUG_INFO = NO;
				MTL_FAST_MATH = YES;
				SDKROOT = iphoneos;
				SWIFT_COMPILATION_MODE = wholemodule;
				SWIFT_OPTIMIZATION_LEVEL = "-O";
				VALIDATE_PRODUCT = YES;
			};
			name = Release;
		};
		F60604C621A37512001C2E1D /* Debug */ = {
			isa = XCBuildConfiguration;
			baseConfigurationReference = C8E632C1A14A52EE57355379 /* Pods-CreateX.debug.xcconfig */;
			buildSettings = {
				ASSETCATALOG_COMPILER_APPICON_NAME = AppIcon;
				CLANG_ENABLE_MODULES = YES;
				CODE_SIGN_STYLE = Automatic;
				DEVELOPMENT_TEAM = 66QZX2TE9S;
				INFOPLIST_FILE = CreateX/Info.plist;
				IPHONEOS_DEPLOYMENT_TARGET = 10.0;
				LD_RUNPATH_SEARCH_PATHS = (
					"$(inherited)",
					"@executable_path/Frameworks",
				);
				PRODUCT_BUNDLE_IDENTIFIER = com.handld;
				PRODUCT_NAME = "$(TARGET_NAME)";
				SWIFT_OBJC_BRIDGING_HEADER = "CreateX/CreateX-Bridging-Header.h";
				SWIFT_OPTIMIZATION_LEVEL = "-Onone";
				SWIFT_VERSION = 4.2;
				TARGETED_DEVICE_FAMILY = "1,2";
			};
			name = Debug;
		};
		F60604C721A37512001C2E1D /* Release */ = {
			isa = XCBuildConfiguration;
			baseConfigurationReference = D44C05F86BF1CEB30B792367 /* Pods-CreateX.release.xcconfig */;
			buildSettings = {
				ASSETCATALOG_COMPILER_APPICON_NAME = AppIcon;
				CLANG_ENABLE_MODULES = YES;
				CODE_SIGN_STYLE = Automatic;
				DEVELOPMENT_TEAM = 66QZX2TE9S;
				INFOPLIST_FILE = CreateX/Info.plist;
				IPHONEOS_DEPLOYMENT_TARGET = 10.0;
				LD_RUNPATH_SEARCH_PATHS = (
					"$(inherited)",
					"@executable_path/Frameworks",
				);
				PRODUCT_BUNDLE_IDENTIFIER = com.handld;
				PRODUCT_NAME = "$(TARGET_NAME)";
				SWIFT_OBJC_BRIDGING_HEADER = "CreateX/CreateX-Bridging-Header.h";
				SWIFT_VERSION = 4.2;
				TARGETED_DEVICE_FAMILY = "1,2";
			};
			name = Release;
		};
		F60604C921A37512001C2E1D /* Debug */ = {
			isa = XCBuildConfiguration;
			baseConfigurationReference = 2EF271BB8A699FD36B7AFCE8 /* Pods-CreateXTests.debug.xcconfig */;
			buildSettings = {
				ALWAYS_EMBED_SWIFT_STANDARD_LIBRARIES = YES;
				BUNDLE_LOADER = "$(TEST_HOST)";
				CODE_SIGN_STYLE = Automatic;
				DEVELOPMENT_TEAM = HNYHGKKDCT;
				INFOPLIST_FILE = CreateXTests/Info.plist;
				LD_RUNPATH_SEARCH_PATHS = (
					"$(inherited)",
					"@executable_path/Frameworks",
					"@loader_path/Frameworks",
				);
				PRODUCT_BUNDLE_IDENTIFIER = Chris.Truong.CreateXTests;
				PRODUCT_NAME = "$(TARGET_NAME)";
				SWIFT_VERSION = 4.2;
				TARGETED_DEVICE_FAMILY = "1,2";
				TEST_HOST = "$(BUILT_PRODUCTS_DIR)/CreateX.app/CreateX";
			};
			name = Debug;
		};
		F60604CA21A37512001C2E1D /* Release */ = {
			isa = XCBuildConfiguration;
			baseConfigurationReference = 53D66AD17F60AA3DF0FCFF1E /* Pods-CreateXTests.release.xcconfig */;
			buildSettings = {
				ALWAYS_EMBED_SWIFT_STANDARD_LIBRARIES = YES;
				BUNDLE_LOADER = "$(TEST_HOST)";
				CODE_SIGN_STYLE = Automatic;
				DEVELOPMENT_TEAM = HNYHGKKDCT;
				INFOPLIST_FILE = CreateXTests/Info.plist;
				LD_RUNPATH_SEARCH_PATHS = (
					"$(inherited)",
					"@executable_path/Frameworks",
					"@loader_path/Frameworks",
				);
				PRODUCT_BUNDLE_IDENTIFIER = Chris.Truong.CreateXTests;
				PRODUCT_NAME = "$(TARGET_NAME)";
				SWIFT_VERSION = 4.2;
				TARGETED_DEVICE_FAMILY = "1,2";
				TEST_HOST = "$(BUILT_PRODUCTS_DIR)/CreateX.app/CreateX";
			};
			name = Release;
		};
		F60604CC21A37512001C2E1D /* Debug */ = {
			isa = XCBuildConfiguration;
			baseConfigurationReference = ECE551C25003D86EAB371755 /* Pods-CreateXUITests.debug.xcconfig */;
			buildSettings = {
				ALWAYS_EMBED_SWIFT_STANDARD_LIBRARIES = YES;
				CODE_SIGN_STYLE = Automatic;
				DEVELOPMENT_TEAM = HNYHGKKDCT;
				INFOPLIST_FILE = CreateXUITests/Info.plist;
				LD_RUNPATH_SEARCH_PATHS = (
					"$(inherited)",
					"@executable_path/Frameworks",
					"@loader_path/Frameworks",
				);
				PRODUCT_BUNDLE_IDENTIFIER = Chris.Truong.CreateXUITests;
				PRODUCT_NAME = "$(TARGET_NAME)";
				SWIFT_VERSION = 4.2;
				TARGETED_DEVICE_FAMILY = "1,2";
				TEST_TARGET_NAME = CreateX;
			};
			name = Debug;
		};
		F60604CD21A37512001C2E1D /* Release */ = {
			isa = XCBuildConfiguration;
			baseConfigurationReference = 5BF1A352E00F905F26DE1F53 /* Pods-CreateXUITests.release.xcconfig */;
			buildSettings = {
				ALWAYS_EMBED_SWIFT_STANDARD_LIBRARIES = YES;
				CODE_SIGN_STYLE = Automatic;
				DEVELOPMENT_TEAM = HNYHGKKDCT;
				INFOPLIST_FILE = CreateXUITests/Info.plist;
				LD_RUNPATH_SEARCH_PATHS = (
					"$(inherited)",
					"@executable_path/Frameworks",
					"@loader_path/Frameworks",
				);
				PRODUCT_BUNDLE_IDENTIFIER = Chris.Truong.CreateXUITests;
				PRODUCT_NAME = "$(TARGET_NAME)";
				SWIFT_VERSION = 4.2;
				TARGETED_DEVICE_FAMILY = "1,2";
				TEST_TARGET_NAME = CreateX;
			};
			name = Release;
		};
/* End XCBuildConfiguration section */

/* Begin XCConfigurationList section */
		F606049521A3750F001C2E1D /* Build configuration list for PBXProject "CreateX" */ = {
			isa = XCConfigurationList;
			buildConfigurations = (
				F60604C321A37512001C2E1D /* Debug */,
				F60604C421A37512001C2E1D /* Release */,
			);
			defaultConfigurationIsVisible = 0;
			defaultConfigurationName = Release;
		};
		F60604C521A37512001C2E1D /* Build configuration list for PBXNativeTarget "CreateX" */ = {
			isa = XCConfigurationList;
			buildConfigurations = (
				F60604C621A37512001C2E1D /* Debug */,
				F60604C721A37512001C2E1D /* Release */,
			);
			defaultConfigurationIsVisible = 0;
			defaultConfigurationName = Release;
		};
		F60604C821A37512001C2E1D /* Build configuration list for PBXNativeTarget "CreateXTests" */ = {
			isa = XCConfigurationList;
			buildConfigurations = (
				F60604C921A37512001C2E1D /* Debug */,
				F60604CA21A37512001C2E1D /* Release */,
			);
			defaultConfigurationIsVisible = 0;
			defaultConfigurationName = Release;
		};
		F60604CB21A37512001C2E1D /* Build configuration list for PBXNativeTarget "CreateXUITests" */ = {
			isa = XCConfigurationList;
			buildConfigurations = (
				F60604CC21A37512001C2E1D /* Debug */,
				F60604CD21A37512001C2E1D /* Release */,
			);
			defaultConfigurationIsVisible = 0;
			defaultConfigurationName = Release;
		};
/* End XCConfigurationList section */

/* Begin XCVersionGroup section */
		F60604A421A3750F001C2E1D /* CreateX.xcdatamodeld */ = {
			isa = XCVersionGroup;
			children = (
				F60604A521A3750F001C2E1D /* CreateX.xcdatamodel */,
			);
			currentVersion = F60604A521A3750F001C2E1D /* CreateX.xcdatamodel */;
			path = CreateX.xcdatamodeld;
			sourceTree = "<group>";
			versionGroupType = wrapper.xcdatamodel;
		};
/* End XCVersionGroup section */
	};
	rootObject = F606049221A3750F001C2E1D /* Project object */;
}
